{
    "name": "test-reverse-polish-notation-package",
    "version": "2.0.0",
    "lockfileVersion": 3,
    "requires": true,
    "packages": {
        "": {
            "name": "test-reverse-polish-notation-package",
            "version": "2.0.0",
            "dependencies": {
                "reverse-polish-notation-package": "^1.0.0"
            }
        },
        "node_modules/reverse-polish-notation-package": {
            "version": "1.0.0",
            "resolved": "https://registry.npmjs.org/reverse-polish-notation-package/-/reverse-polish-notation-package-1.0.0.tgz",
            "integrity": "sha512-MnmQ3WZJnVHbOEBFDXQ6xLgWUZuWNp+wLcRXVSvPiBZru2r+pLoeIwlWIKsDWOeOeafEzB+kuA+nTxX5V4aSaQ=="
        }
    }
}
